GIT
  remote: https://github.com/onli/oxml
  revision: 05c1050f0e328709a3e2e60ad4c18144a01855b8
  branch: merged
  specs:
    oxml (0.5.2)
      ox (~> 2.14)

GEM
  remote: https://rubygems.org/
  specs:
    activesupport (8.1.2)
      base64
      bigdecimal
      concurrent-ruby (~> 1.0, >= 1.3.1)
      connection_pool (>= 2.2.5)
      drb
      i18n (>= 1.6, < 2)
      json
      logger (>= 1.4.2)
      minitest (>= 5.1)
      securerandom (>= 0.3)
      tzinfo (~> 2.0, >= 2.0.5)
      uri (>= 0.13.1)
    addressable (2.8.8)
      public_suffix (>= 2.0.2, < 8.0)
    american_date (1.3.0)
    ansi (1.5.0)
    ast (2.4.3)
    base64 (0.3.0)
    bigdecimal (4.0.1)
    cachy (0.4.2)
      mini_memory_store
    concurrent-ruby (1.3.6)
    connection_pool (3.0.2)
    crass (1.0.6)
    csv (3.3.5)
    dalli (4.2.0)
      logger
    drb (2.2.3)
    feedparser (2.2.1)
      logutils (>= 0.6.1)
      textutils (>= 1.0.0)
    ferrum (0.17.1)
      addressable (~> 2.5)
      base64 (~> 0.2)
      concurrent-ruby (~> 1.1)
      webrick (~> 1.7)
      websocket-driver (~> 0.7)
    finishing_moves (1.3)
    hashids (1.0.6)
    httparty (0.24.2)
      csv
      mini_mime (>= 1.0.0)
      multi_xml (>= 0.5.2)
    i18n (1.14.8)
      concurrent-ruby (~> 1.0)
    iniparser (1.0.1)
    janeway-jsonpath (0.6.0)
    json (2.18.0)
    jsonpath (1.1.5)
      multi_json
    jwt (3.1.2)
      base64
    logger (1.7.0)
    logutils (0.6.1)
    lru_redux (1.1.0)
    mini_memory_store (1.0.0)
    mini_mime (1.1.5)
    minitest (6.0.1)
      prism (~> 1.5)
    moneta (1.6.0)
    multi_json (1.19.1)
    multi_xml (0.8.1)
      bigdecimal (>= 3.1, < 5)
    mustermann (3.0.4)
      ruby2_keywords (~> 0.0.1)
    nio4r (2.7.5)
    nokogiri (1.19.0-aarch64-linux-gnu)
      racc (~> 1.4)
    nokogiri (1.19.0-aarch64-linux-musl)
      racc (~> 1.4)
    nokogiri (1.19.0-arm64-darwin)
      racc (~> 1.4)
    nokogiri (1.19.0-x86_64-darwin)
      racc (~> 1.4)
    nokogiri (1.19.0-x86_64-linux-gnu)
      racc (~> 1.4)
    nokogiri (1.19.0-x86_64-linux-musl)
      racc (~> 1.4)
    oga (3.4)
      ast
      ruby-ll (~> 2.1)
    open_uri_redirections (0.2.1)
    ox (2.14.23)
      bigdecimal (>= 3.0)
    power_assert (3.0.1)
    prism (1.9.0)
    props (1.2.0)
      iniparser (>= 0.1.0)
    public_suffix (7.0.2)
    puma (7.2.0)
      nio4r (~> 2.0)
    racc (1.8.1)
    rack (3.2.4)
    rack-protection (4.2.1)
      base64 (>= 0.1.0)
      logger (>= 1.6.0)
      rack (>= 3.0.0, < 4)
    rack-rewrite (1.5.1)
    rack-session (2.1.1)
      base64 (>= 0.1.0)
      rack (>= 3.0.0)
    rake (13.3.1)
    rexml (3.4.4)
    rss (0.3.2)
      rexml
    ruby-ll (2.1.4)
      ansi
      ast
    ruby2_keywords (0.0.5)
    rubyzip (3.2.2)
    sanitize (7.0.0)
      crass (~> 1.0.2)
      nokogiri (>= 1.16.8)
    scylla (1.2.0)
      sanitize
      unicode (~> 0.4.4)
    securerandom (0.4.1)
    simpleidn (0.2.3)
    sinatra (4.2.1)
      logger (>= 1.6.0)
      mustermann (~> 3.0)
      rack (>= 3.0.0, < 4)
      rack-protection (= 4.2.1)
      rack-session (>= 2.0.0, < 3)
      tilt (~> 2.0)
    sinatra-contrib (4.2.1)
      multi_json (>= 0.0.2)
      mustermann (~> 3.0)
      rack-protection (= 4.2.1)
      sinatra (= 4.2.1)
      tilt (~> 2.0)
    sinatra-portier (2.1.1)
      addressable (>= 2.8)
      cachy (>= 0.4)
      jwt (>= 1.5.4)
      moneta (>= 1.4)
      simpleidn (>= 0.0.9)
      sinatra (>= 1.1.0)
      url_safe_base64 (>= 0.2.2)
    sqlite3 (2.9.0-aarch64-linux-gnu)
    sqlite3 (2.9.0-aarch64-linux-musl)
    sqlite3 (2.9.0-arm64-darwin)
    sqlite3 (2.9.0-x86_64-darwin)
    sqlite3 (2.9.0-x86_64-linux-gnu)
    sqlite3 (2.9.0-x86_64-linux-musl)
    strings (0.2.1)
      strings-ansi (~> 0.2)
      unicode-display_width (>= 1.5, < 3.0)
      unicode_utils (~> 1.4)
    strings-ansi (0.2.0)
    test-unit (3.7.7)
      power_assert
    textutils (1.4.0)
      activesupport
      logutils (>= 0.6.1)
      props (>= 1.1.2)
      rubyzip (>= 1.0.0)
    throttle-queue (0.2.0)
    tilt (2.7.0)
    to_regexp (0.2.1)
    tzinfo (2.0.6)
      concurrent-ruby (~> 1.0)
    unicode (0.4.4.5)
    unicode-display_width (2.6.0)
    unicode_utils (1.4.0)
    uri (1.1.1)
    url_safe_base64 (0.2.2)
    webrick (1.9.2)
    websocket-driver (0.8.0)
      base64
      websocket-extensions (>= 0.1.0)
    websocket-extensions (0.1.5)

PLATFORMS
  aarch64-linux
  aarch64-linux-gnu
  aarch64-linux-musl
  arm64-darwin
  x86_64-darwin
  x86_64-linux-gnu
  x86_64-linux-musl

DEPENDENCIES
  addressable
  american_date
  base64
  dalli
  feedparser
  ferrum
  finishing_moves
  hashids (~> 1.0)
  httparty
  janeway-jsonpath (~> 0.6.0)
  jsonpath
  lru_redux
  nokogiri
  oga
  open_uri_redirections
  oxml!
  puma
  rack
  rack-rewrite
  rake
  rss
  sanitize
  scylla
  securerandom
  sinatra
  sinatra-contrib
  sinatra-portier (~> 2.0)
  sqlite3
  strings
  test-unit
  throttle-queue
  to_regexp

BUNDLED WITH
   2.7.1
