{
  "name": "public",
  "lockfileVersion": 3,
  "requires": true,
  "packages": {
    "": {
      "dependencies": {
        "@iconfu/svg-inject": "^1.2.3",
        "purecss": "^3.0.0",
        "vex-js": "^4.1.0"
      }
    },
    "node_modules/@iconfu/svg-inject": {
      "version": "1.2.3",
      "resolved": "https://registry.npmjs.org/@iconfu/svg-inject/-/svg-inject-1.2.3.tgz",
      "integrity": "sha512-3v1MUAJqmJS4jmhHoCkSxt+EdJrjPHlLXrWocCT25kCxnxJto8028Z6CC406EL11KA53SDZgI/QQA5GEJAoiRw==",
      "license": "MIT"
    },
    "node_modules/classlist-polyfill": {
      "version": "1.2.0",
      "resolved": "https://registry.npmjs.org/classlist-polyfill/-/classlist-polyfill-1.2.0.tgz",
      "integrity": "sha512-GzIjNdcEtH4ieA2S8NmrSxv7DfEV5fmixQeyTmqmRmRJPGpRBaSnA2a0VrCjyT8iW8JjEdMbKzDotAJf+ajgaQ==",
      "license": "Unlicense"
    },
    "node_modules/deep-clone-simple": {
      "version": "1.1.1",
      "resolved": "https://registry.npmjs.org/deep-clone-simple/-/deep-clone-simple-1.1.1.tgz",
      "integrity": "sha512-d/Knd6Cmq0hQTdTf5uggLD0ua6zpwGb1Yqorz3Y8NAmcAMKsG/UmV8+iaNqgT92WPFD7EDymwGIwwVy888T6fQ==",
      "license": "Apache-2.0"
    },
    "node_modules/domify": {
      "version": "1.4.0",
      "resolved": "https://registry.npmjs.org/domify/-/domify-1.4.0.tgz",
      "integrity": "sha512-CBzequt8IJiKV8fav4tn0qA9KSiZ76w3C2EkyfC8+df6UGNcZJRfvfBcRzLW39eGeETcunkOvvRBj/gKXIdULw==",
      "license": "MIT"
    },
    "node_modules/es6-object-assign": {
      "version": "1.1.0",
      "resolved": "https://registry.npmjs.org/es6-object-assign/-/es6-object-assign-1.1.0.tgz",
      "integrity": "sha512-MEl9uirslVwqQU369iHNWZXsI8yaZYGg/D65aOgZkeyFJwHYSxilf7rQzXKI7DdDuBPrBXbfk3sl9hJhmd5AUw==",
      "license": "MIT"
    },
    "node_modules/form-serialize": {
      "version": "0.7.1",
      "resolved": "https://registry.npmjs.org/form-serialize/-/form-serialize-0.7.1.tgz",
      "integrity": "sha512-WGThlbRC1ELTwfR4HGLFnUBU3yzaOmiZ1ZbPgic3XsS3nGTzZdrxOLwsP4kz6QBdy1KAwvoLwN9TJk08mfqxxA==",
      "license": "MIT"
    },
    "node_modules/purecss": {
      "version": "3.0.0",
      "resolved": "https://registry.npmjs.org/purecss/-/purecss-3.0.0.tgz",
      "integrity": "sha512-IdYbGwbmuA7Hy9ACIO1q7ks4xGLcJSVHxJT2BXIz2c4Ve1aSrNU5bAzA1ILT4Gmdy5K59ruWoRPf9WvJZU5fbA==",
      "license": "BSD-3-Clause"
    },
    "node_modules/vex-dialog": {
      "version": "1.1.0",
      "resolved": "https://registry.npmjs.org/vex-dialog/-/vex-dialog-1.1.0.tgz",
      "integrity": "sha512-P+kf+LMI+jF1QtmH0iaqZLi5sVpL94d29SENBmI3x/2i8a1X6skN6Q2463m1triK8u4bpEWj1FndWqgpueA5cA==",
      "license": "MIT",
      "dependencies": {
        "deep-clone-simple": "1.1.1",
        "domify": "1.4.0",
        "form-serialize": "0.7.1"
      }
    },
    "node_modules/vex-js": {
      "version": "4.1.0",
      "resolved": "https://registry.npmjs.org/vex-js/-/vex-js-4.1.0.tgz",
      "integrity": "sha512-n/dgknlD5CVl+Bn87kARnjwSknxZvSMflwzrBdgV0LLdLXpgmF6AKQ//bEEBBwK2JLXR0wG2R+il1zjcBtOi6Q==",
      "license": "MIT",
      "dependencies": {
        "classlist-polyfill": "1.2.0",
        "domify": "1.4.0",
        "es6-object-assign": "1.1.0",
        "vex-dialog": "1.1.0"
      }
    }
  }
}
